# THIS IS AN AUTOGENERATED FILE. DO NOT EDIT THIS FILE DIRECTLY.
# yarn lockfile v1


commander@~2.15.0:
  version "2.15.1"
  resolved "https://registry.yarnpkg.com/commander/-/commander-2.15.1.tgz#df46e867d0fc2aec66a34662b406a9ccafff5b0f"

source-map@~0.6.1:
  version "0.6.1"
  resolved "https://registry.yarnpkg.com/source-map/-/source-map-0.6.1.tgz#74722af32e9614e9c287a8d0bbde48b5e2f1a263"

uglify-js@^3.3.27:
  version "3.3.27"
  resolved "https://registry.yarnpkg.com/uglify-js/-/uglify-js-3.3.27.tgz#eb8c3c9429969f86ff5b0a2422ffc78c3cea8cc0"
  dependencies:
    commander "~2.15.0"
    source-map "~0.6.1"
